
Microsoft Visual Studio Solution File, Format Version 12.00
# Visual Studio 15
VisualStudioVersion = 15.0.28010.2048
MinimumVisualStudioVersion = 10.0.40219.1
Project("{FAE04EC0-301F-11D3-BF4B-00C04F79EFBC}") = "7.4.19h.w", "7.4.19h.w\7.4.19h.w.csproj", "{B0B39EA4-99ED-429E-AC07-5EE5C5989172}"
EndProject
Global
	GlobalSection(SolutionConfigurationPlatforms) = preSolution
		Debug|Any CPU = Debug|Any CPU
		Release|Any CPU = Release|Any CPU
	EndGlobalSection
	GlobalSection(ProjectConfigurationPlatforms) = postSolution
		{B0B39EA4-99ED-429E-AC07-5EE5C5989172}.Debug|Any CPU.ActiveCfg = Debug|Any CPU
		{B0B39EA4-99ED-429E-AC07-5EE5C5989172}.Debug|Any CPU.Build.0 = Debug|Any CPU
		{B0B39EA4-99ED-429E-AC07-5EE5C5989172}.Release|Any CPU.ActiveCfg = Release|Any CPU
		{B0B39EA4-99ED-429E-AC07-5EE5C5989172}.Release|Any CPU.Build.0 = Release|Any CPU
	EndGlobalSection
	GlobalSection(SolutionProperties) = preSolution
		HideSolutionNode = FALSE
	EndGlobalSection
	GlobalSection(ExtensibilityGlobals) = postSolution
		SolutionGuid = {6C32F1FA-3629-4D9B-964C-504117F1FA8D}
	EndGlobalSection
EndGlobal
